
Microsoft Visual Studio Solution File, Format Version 12.00
# Visual Studio Version 17
VisualStudioVersion = 17.3.32819.101
MinimumVisualStudioVersion = 10.0.40219.1
Project("{FAE04EC0-301F-11D3-BF4B-00C04F79EFBC}") = "WindowsFormsApp1", "WindowsFormsApp1\WindowsFormsApp1.csproj", "{CD8A7047-2224-48DE-A696-25BAB5E11D39}"
EndProject
Global
	GlobalSection(SolutionConfigurationPlatforms) = preSolution
		Debug|Any CPU = Debug|Any CPU
		Release|Any CPU = Release|Any CPU
	EndGlobalSection
	GlobalSection(ProjectConfigurationPlatforms) = postSolution
		{CD8A7047-2224-48DE-A696-25BAB5E11D39}.Debug|Any CPU.ActiveCfg = Debug|Any CPU
		{CD8A7047-2224-48DE-A696-25BAB5E11D39}.Debug|Any CPU.Build.0 = Debug|Any CPU
		{CD8A7047-2224-48DE-A696-25BAB5E11D39}.Release|Any CPU.ActiveCfg = Release|Any CPU
		{CD8A7047-2224-48DE-A696-25BAB5E11D39}.Release|Any CPU.Build.0 = Release|Any CPU
	EndGlobalSection
	GlobalSection(SolutionProperties) = preSolution
		HideSolutionNode = FALSE
	EndGlobalSection
	GlobalSection(ExtensibilityGlobals) = postSolution
		SolutionGuid = {E0319806-AF82-48B8-80BE-41DF5B18304A}
	EndGlobalSection
EndGlobal
